<?xml version="1.0" encoding="utf-8"?>
<Project ToolsVersion="4.0" xmlns="http://schemas.microsoft.com/developer/msbuild/2003">
  <ItemGroup>
    <Filter Include="00.ManageMent">
      <UniqueIdentifier>{d8baee3f-b693-4378-88f6-be0579a75f81}</UniqueIdentifier>
    </Filter>
    <Filter Include="01.Scene">
      <UniqueIdentifier>{2648240e-f850-4b03-bc36-adec5ab511fd}</UniqueIdentifier>
    </Filter>
    <Filter Include="02.Layer">
      <UniqueIdentifier>{058f0d53-6331-46fd-82f6-2cfdf902ef8e}</UniqueIdentifier>
    </Filter>
    <Filter Include="03.GameObject">
      <UniqueIdentifier>{21747822-eef5-44c9-b88e-69a06639f611}</UniqueIdentifier>
    </Filter>
    <Filter Include="04.Component">
      <UniqueIdentifier>{71d96ed5-29de-45c8-bcb7-f2c2c7afe843}</UniqueIdentifier>
    </Filter>
    <Filter Include="99.Export">
      <UniqueIdentifier>{eea7ebbf-3c51-4dd8-95e8-bf7994aabf0b}</UniqueIdentifier>
    </Filter>
    <Filter Include="05.ProtoMgr">
      <UniqueIdentifier>{52100c15-3ea2-4fc4-91ce-b79a7bdf072e}</UniqueIdentifier>
    </Filter>
  </ItemGroup>
  <ItemGroup>
    <ClInclude Include="..\..\Export\Export_Utility.h">
      <Filter>99.Export</Filter>
    </ClInclude>
    <ClInclude Include="..\Code\Component.h">
      <Filter>04.Component</Filter>
    </ClInclude>
    <ClInclude Include="..\Code\GameObject.h">
      <Filter>03.GameObject</Filter>
    </ClInclude>
    <ClInclude Include="..\Code\Layer.h">
      <Filter>02.Layer</Filter>
    </ClInclude>
    <ClInclude Include="..\Code\Scene.h">
      <Filter>01.Scene</Filter>
    </ClInclude>
    <ClInclude Include="..\Code\Management.h">
      <Filter>00.ManageMent</Filter>
    </ClInclude>
    <ClInclude Include="..\Code\ProtoMgr.h">
      <Filter>05.ProtoMgr</Filter>
    </ClInclude>
  </ItemGroup>
  <ItemGroup>
    <None Include="..\..\Export\Export_Utility.inl">
      <Filter>99.Export</Filter>
    </None>
  </ItemGroup>
  <ItemGroup>
    <ClCompile Include="..\Code\Component.cpp">
      <Filter>04.Component</Filter>
    </ClCompile>
    <ClCompile Include="..\Code\GameObject.cpp">
      <Filter>03.GameObject</Filter>
    </ClCompile>
    <ClCompile Include="..\Code\Layer.cpp">
      <Filter>02.Layer</Filter>
    </ClCompile>
    <ClCompile Include="..\Code\Scene.cpp">
      <Filter>01.Scene</Filter>
    </ClCompile>
    <ClCompile Include="..\Code\Management.cpp">
      <Filter>00.ManageMent</Filter>
    </ClCompile>
    <ClCompile Include="..\Code\ProtoMgr.cpp">
      <Filter>05.ProtoMgr</Filter>
    </ClCompile>
  </ItemGroup>
</Project>