<?xml version="1.0" encoding="utf-8"?>
<Project ToolsVersion="4.0" xmlns="http://schemas.microsoft.com/developer/msbuild/2003">
  <ItemGroup>
    <Filter Include="99. Default">
      <UniqueIdentifier>{24b5fbc6-07a9-4487-9d86-c28d73c8deda}</UniqueIdentifier>
    </Filter>
    <Filter Include="00. MainFrame">
      <UniqueIdentifier>{fefdd1df-7f22-4bb7-b446-7e8920bc3601}</UniqueIdentifier>
    </Filter>
    <Filter Include="01. View">
      <UniqueIdentifier>{b10e0c4c-1a03-4119-b1c3-e066adaccec9}</UniqueIdentifier>
    </Filter>
    <Filter Include="02. Document">
      <UniqueIdentifier>{545d0b34-e536-4db0-8fba-5fe24294d490}</UniqueIdentifier>
    </Filter>
    <Filter Include="98. Headers">
      <UniqueIdentifier>{cf8261ee-d300-4693-8b42-d659f3f0cc19}</UniqueIdentifier>
    </Filter>
    <Filter Include="98. Headers\00. Include">
      <UniqueIdentifier>{e7192f37-0bb6-459c-846f-209529745bb1}</UniqueIdentifier>
    </Filter>
    <Filter Include="01. View\Form">
      <UniqueIdentifier>{d19f5d9d-d92f-4021-ba5d-cb27da6b64a4}</UniqueIdentifier>
    </Filter>
    <Filter Include="03. Camera">
      <UniqueIdentifier>{21038886-b59d-4292-873f-1a123c5ef0e1}</UniqueIdentifier>
    </Filter>
    <Filter Include="03. Camera\00. StaticCamera">
      <UniqueIdentifier>{d7607300-8b71-40b0-a66c-54c05319c66d}</UniqueIdentifier>
    </Filter>
    <Filter Include="03. Camera\01. DynamicCamera">
      <UniqueIdentifier>{0bde3d19-bad7-40f9-97cf-54035c748df7}</UniqueIdentifier>
    </Filter>
    <Filter Include="01. View\Form\TerrainTexture">
      <UniqueIdentifier>{1e4beeaf-a8b5-4ab2-98c3-a27e93627bb4}</UniqueIdentifier>
    </Filter>
    <Filter Include="04. GameObject">
      <UniqueIdentifier>{f8325a97-f0ec-466e-b68e-40485fc02f9d}</UniqueIdentifier>
    </Filter>
    <Filter Include="04. GameObject\00. Terrain">
      <UniqueIdentifier>{fe5a680a-996b-4b68-b329-fc9601f9619a}</UniqueIdentifier>
    </Filter>
    <Filter Include="04. GameObject\02. CubeTex">
      <UniqueIdentifier>{79691a57-69d3-41cf-9f05-9fe6e303be00}</UniqueIdentifier>
    </Filter>
    <Filter Include="04. GameObject\01. QuadTex">
      <UniqueIdentifier>{31a868ba-a083-4c6f-9517-2a778b8143f3}</UniqueIdentifier>
    </Filter>
    <Filter Include="04. GameObject\ToolGameObject">
      <UniqueIdentifier>{b3097b84-a4dc-4e08-aff7-afecd439a533}</UniqueIdentifier>
    </Filter>
    <Filter Include="04. GameObject\03. Item">
      <UniqueIdentifier>{a40ab12b-8427-43f8-9387-53790506fb52}</UniqueIdentifier>
    </Filter>
  </ItemGroup>
  <ItemGroup>
    <ClInclude Include="MAPTOOL.h">
      <Filter>99. Default</Filter>
    </ClInclude>
    <ClInclude Include="pch.h">
      <Filter>99. Default</Filter>
    </ClInclude>
    <ClInclude Include="Resource.h">
      <Filter>99. Default</Filter>
    </ClInclude>
    <ClInclude Include="targetver.h">
      <Filter>99. Default</Filter>
    </ClInclude>
    <ClInclude Include="MainFrm.h">
      <Filter>00. MainFrame</Filter>
    </ClInclude>
    <ClInclude Include="MAPTOOLDoc.h">
      <Filter>02. Document</Filter>
    </ClInclude>
    <ClInclude Include="MAPTOOLView.h">
      <Filter>01. View</Filter>
    </ClInclude>
    <ClInclude Include="framework.h">
      <Filter>98. Headers</Filter>
    </ClInclude>
    <ClInclude Include="..\Headers\ToolDefine.h">
      <Filter>98. Headers\00. Include</Filter>
    </ClInclude>
    <ClInclude Include="..\Headers\ToolExtern.h">
      <Filter>98. Headers\00. Include</Filter>
    </ClInclude>
    <ClInclude Include="..\Headers\ToolStruct.h">
      <Filter>98. Headers\00. Include</Filter>
    </ClInclude>
    <ClInclude Include="..\Headers\ToolInclude.h">
      <Filter>98. Headers</Filter>
    </ClInclude>
    <ClInclude Include="Form.h">
      <Filter>01. View\Form</Filter>
    </ClInclude>
    <ClInclude Include="..\Code\StaticCamera.h">
      <Filter>03. Camera\00. StaticCamera</Filter>
    </ClInclude>
    <ClInclude Include="..\Code\DynamicCamera.h">
      <Filter>03. Camera\01. DynamicCamera</Filter>
    </ClInclude>
    <ClInclude Include="CTerrainTexture.h">
      <Filter>01. View\Form\TerrainTexture</Filter>
    </ClInclude>
    <ClInclude Include="..\Code\TerrainObject.h">
      <Filter>04. GameObject\00. Terrain</Filter>
    </ClInclude>
    <ClInclude Include="..\Code\CubeObject.h">
      <Filter>04. GameObject\02. CubeTex</Filter>
    </ClInclude>
    <ClInclude Include="..\Code\QuadObject.h">
      <Filter>04. GameObject\01. QuadTex</Filter>
    </ClInclude>
    <ClInclude Include="..\Code\ToolGameObject.h">
      <Filter>04. GameObject\ToolGameObject</Filter>
    </ClInclude>
  </ItemGroup>
  <ItemGroup>
    <ClCompile Include="MAPTOOL.cpp">
      <Filter>99. Default</Filter>
    </ClCompile>
    <ClCompile Include="pch.cpp">
      <Filter>99. Default</Filter>
    </ClCompile>
    <ClCompile Include="MainFrm.cpp">
      <Filter>00. MainFrame</Filter>
    </ClCompile>
    <ClCompile Include="MAPTOOLDoc.cpp">
      <Filter>02. Document</Filter>
    </ClCompile>
    <ClCompile Include="MAPTOOLView.cpp">
      <Filter>01. View</Filter>
    </ClCompile>
    <ClCompile Include="Form.cpp">
      <Filter>01. View\Form</Filter>
    </ClCompile>
    <ClCompile Include="..\Code\StaticCamera.cpp">
      <Filter>03. Camera\00. StaticCamera</Filter>
    </ClCompile>
    <ClCompile Include="..\Code\DynamicCamera.cpp">
      <Filter>03. Camera\01. DynamicCamera</Filter>
    </ClCompile>
    <ClCompile Include="CTerrainTexture.cpp">
      <Filter>01. View\Form\TerrainTexture</Filter>
    </ClCompile>
    <ClCompile Include="..\Code\TerrainObject.cpp">
      <Filter>04. GameObject\00. Terrain</Filter>
    </ClCompile>
    <ClCompile Include="..\Code\CubeObject.cpp">
      <Filter>04. GameObject\02. CubeTex</Filter>
    </ClCompile>
    <ClCompile Include="..\Code\QuadObject.cpp">
      <Filter>04. GameObject\01. QuadTex</Filter>
    </ClCompile>
    <ClCompile Include="..\Code\ToolGameObject.cpp">
      <Filter>04. GameObject\ToolGameObject</Filter>
    </ClCompile>
  </ItemGroup>
  <ItemGroup>
    <Image Include="res\MAPTOOL.ico">
      <Filter>99. Default</Filter>
    </Image>
    <Image Include="res\MAPTOOLDoc.ico">
      <Filter>99. Default</Filter>
    </Image>
    <Image Include="res\Toolbar.bmp">
      <Filter>99. Default</Filter>
    </Image>
  </ItemGroup>
  <ItemGroup>
    <ResourceCompile Include="MAPTOOL.rc">
      <Filter>99. Default</Filter>
    </ResourceCompile>
  </ItemGroup>
  <ItemGroup>
    <None Include="res\MAPTOOL.rc2">
      <Filter>99. Default</Filter>
    </None>
  </ItemGroup>
</Project>