
Microsoft Visual Studio Solution File, Format Version 12.00
# Visual Studio Version 16
VisualStudioVersion = 16.0.31729.503
MinimumVisualStudioVersion = 10.0.40219.1
Project("{2150E333-8FDC-42A3-9474-1A3956D46DE8}") = "Base", "Base", "{DE44BA9F-98B2-4716-8A4B-646034E475C7}"
	ProjectSection(SolutionItems) = preProject
		Base\Base.h = Base\Base.h
		Base\Base.inl = Base\Base.inl
	EndProjectSection
EndProject
Project("{2150E333-8FDC-42A3-9474-1A3956D46DE8}") = "Client", "Client", "{20E0517C-C200-47CB-B2E8-AB67DEB41031}"
EndProject
Project("{2150E333-8FDC-42A3-9474-1A3956D46DE8}") = "Engine", "Engine", "{74FEC8B0-0D04-4196-B32E-00C96412129C}"
EndProject
Project("{2150E333-8FDC-42A3-9474-1A3956D46DE8}") = "99.Headers", "99.Headers", "{F5E29029-6025-4474-801E-4AF89694A73B}"
	ProjectSection(SolutionItems) = preProject
		Engine\Headers\Engine_Enum.h = Engine\Headers\Engine_Enum.h
		Engine\Headers\Engine_Function.h = Engine\Headers\Engine_Function.h
		Engine\Headers\Engine_Functor.h = Engine\Headers\Engine_Functor.h
		Engine\Headers\Engine_Include.h = Engine\Headers\Engine_Include.h
		Engine\Headers\Engine_Macro.h = Engine\Headers\Engine_Macro.h
		Engine\Headers\Engine_Struct.h = Engine\Headers\Engine_Struct.h
		Engine\Headers\Engine_TypeDef.h = Engine\Headers\Engine_TypeDef.h
	EndProjectSection
EndProject
Project("{2150E333-8FDC-42A3-9474-1A3956D46DE8}") = "00.System", "00.System", "{9B97ADED-37F4-4A03-AE8C-EBF98FC0622B}"
EndProject
Project("{2150E333-8FDC-42A3-9474-1A3956D46DE8}") = "01.Utility", "01.Utility", "{3123B1B0-A668-4C0A-89D1-09AD06D002CB}"
EndProject
Project("{2150E333-8FDC-42A3-9474-1A3956D46DE8}") = "98.Export", "98.Export", "{DBEE725A-5C22-4B77-B26E-7285B43418E8}"
	ProjectSection(SolutionItems) = preProject
		Engine\Export\Export_Function.h = Engine\Export\Export_Function.h
	EndProjectSection
EndProject
Project("{8BC9CEB8-8B4A-11D0-8D11-00A0C91BC942}") = "System", "Engine\System\Include\System.vcxproj", "{81E9F2CD-362D-428C-AAFA-CBCD8709D3E9}"
EndProject
Project("{8BC9CEB8-8B4A-11D0-8D11-00A0C91BC942}") = "Client", "Client\Include\Client.vcxproj", "{011601FD-9767-40DA-985C-4CEBB4E45F7B}"
EndProject
Project("{8BC9CEB8-8B4A-11D0-8D11-00A0C91BC942}") = "Utility", "Engine\Utility\Include\Utility.vcxproj", "{099B1424-CB1A-4780-A2B2-D7C0E409303D}"
EndProject
Project("{2150E333-8FDC-42A3-9474-1A3956D46DE8}") = "TOOL", "TOOL", "{43B33738-C3D1-4C22-83D7-DB8D7B45CA49}"
EndProject
Project("{8BC9CEB8-8B4A-11D0-8D11-00A0C91BC942}") = "MAPTOOL", "MAPTOOL\Include\MAPTOOL.vcxproj", "{B67290C4-D0EE-404D-AA2A-E0A81F7B39C6}"
EndProject
Global
	GlobalSection(SolutionConfigurationPlatforms) = preSolution
		Debug|x64 = Debug|x64
		Debug|x86 = Debug|x86
		Release|x64 = Release|x64
		Release|x86 = Release|x86
	EndGlobalSection
	GlobalSection(ProjectConfigurationPlatforms) = postSolution
		{81E9F2CD-362D-428C-AAFA-CBCD8709D3E9}.Debug|x64.ActiveCfg = Debug|x64
		{81E9F2CD-362D-428C-AAFA-CBCD8709D3E9}.Debug|x64.Build.0 = Debug|x64
		{81E9F2CD-362D-428C-AAFA-CBCD8709D3E9}.Debug|x86.ActiveCfg = Debug|Win32
		{81E9F2CD-362D-428C-AAFA-CBCD8709D3E9}.Debug|x86.Build.0 = Debug|Win32
		{81E9F2CD-362D-428C-AAFA-CBCD8709D3E9}.Release|x64.ActiveCfg = Release|x64
		{81E9F2CD-362D-428C-AAFA-CBCD8709D3E9}.Release|x64.Build.0 = Release|x64
		{81E9F2CD-362D-428C-AAFA-CBCD8709D3E9}.Release|x86.ActiveCfg = Release|Win32
		{81E9F2CD-362D-428C-AAFA-CBCD8709D3E9}.Release|x86.Build.0 = Release|Win32
		{011601FD-9767-40DA-985C-4CEBB4E45F7B}.Debug|x64.ActiveCfg = Debug|x64
		{011601FD-9767-40DA-985C-4CEBB4E45F7B}.Debug|x64.Build.0 = Debug|x64
		{011601FD-9767-40DA-985C-4CEBB4E45F7B}.Debug|x86.ActiveCfg = Debug|Win32
		{011601FD-9767-40DA-985C-4CEBB4E45F7B}.Debug|x86.Build.0 = Debug|Win32
		{011601FD-9767-40DA-985C-4CEBB4E45F7B}.Release|x64.ActiveCfg = Release|x64
		{011601FD-9767-40DA-985C-4CEBB4E45F7B}.Release|x64.Build.0 = Release|x64
		{011601FD-9767-40DA-985C-4CEBB4E45F7B}.Release|x86.ActiveCfg = Release|Win32
		{011601FD-9767-40DA-985C-4CEBB4E45F7B}.Release|x86.Build.0 = Release|Win32
		{099B1424-CB1A-4780-A2B2-D7C0E409303D}.Debug|x64.ActiveCfg = Debug|x64
		{099B1424-CB1A-4780-A2B2-D7C0E409303D}.Debug|x64.Build.0 = Debug|x64
		{099B1424-CB1A-4780-A2B2-D7C0E409303D}.Debug|x86.ActiveCfg = Debug|Win32
		{099B1424-CB1A-4780-A2B2-D7C0E409303D}.Debug|x86.Build.0 = Debug|Win32
		{099B1424-CB1A-4780-A2B2-D7C0E409303D}.Release|x64.ActiveCfg = Release|x64
		{099B1424-CB1A-4780-A2B2-D7C0E409303D}.Release|x64.Build.0 = Release|x64
		{099B1424-CB1A-4780-A2B2-D7C0E409303D}.Release|x86.ActiveCfg = Release|Win32
		{099B1424-CB1A-4780-A2B2-D7C0E409303D}.Release|x86.Build.0 = Release|Win32
		{B67290C4-D0EE-404D-AA2A-E0A81F7B39C6}.Debug|x64.ActiveCfg = Debug|x64
		{B67290C4-D0EE-404D-AA2A-E0A81F7B39C6}.Debug|x64.Build.0 = Debug|x64
		{B67290C4-D0EE-404D-AA2A-E0A81F7B39C6}.Debug|x86.ActiveCfg = Debug|Win32
		{B67290C4-D0EE-404D-AA2A-E0A81F7B39C6}.Debug|x86.Build.0 = Debug|Win32
		{B67290C4-D0EE-404D-AA2A-E0A81F7B39C6}.Release|x64.ActiveCfg = Release|x64
		{B67290C4-D0EE-404D-AA2A-E0A81F7B39C6}.Release|x64.Build.0 = Release|x64
		{B67290C4-D0EE-404D-AA2A-E0A81F7B39C6}.Release|x86.ActiveCfg = Release|Win32
		{B67290C4-D0EE-404D-AA2A-E0A81F7B39C6}.Release|x86.Build.0 = Release|Win32
	EndGlobalSection
	GlobalSection(SolutionProperties) = preSolution
		HideSolutionNode = FALSE
	EndGlobalSection
	GlobalSection(NestedProjects) = preSolution
		{F5E29029-6025-4474-801E-4AF89694A73B} = {74FEC8B0-0D04-4196-B32E-00C96412129C}
		{9B97ADED-37F4-4A03-AE8C-EBF98FC0622B} = {74FEC8B0-0D04-4196-B32E-00C96412129C}
		{3123B1B0-A668-4C0A-89D1-09AD06D002CB} = {74FEC8B0-0D04-4196-B32E-00C96412129C}
		{DBEE725A-5C22-4B77-B26E-7285B43418E8} = {74FEC8B0-0D04-4196-B32E-00C96412129C}
		{81E9F2CD-362D-428C-AAFA-CBCD8709D3E9} = {9B97ADED-37F4-4A03-AE8C-EBF98FC0622B}
		{011601FD-9767-40DA-985C-4CEBB4E45F7B} = {20E0517C-C200-47CB-B2E8-AB67DEB41031}
		{099B1424-CB1A-4780-A2B2-D7C0E409303D} = {3123B1B0-A668-4C0A-89D1-09AD06D002CB}
		{B67290C4-D0EE-404D-AA2A-E0A81F7B39C6} = {43B33738-C3D1-4C22-83D7-DB8D7B45CA49}
	EndGlobalSection
	GlobalSection(ExtensibilityGlobals) = postSolution
		SolutionGuid = {09416278-816B-4B62-AE5C-32E868511F84}
	EndGlobalSection
EndGlobal
