<?xml version="1.0" encoding="utf-8"?>
<Project ToolsVersion="4.0" xmlns="http://schemas.microsoft.com/developer/msbuild/2003">
  <ItemGroup>
    <Filter Include="98.Headers">
      <UniqueIdentifier>{4642d0f2-68e7-4cb6-960a-6158cbad93d6}</UniqueIdentifier>
    </Filter>
    <Filter Include="99.Default">
      <UniqueIdentifier>{8f8e741d-0026-44c9-aa15-a62932bb2372}</UniqueIdentifier>
    </Filter>
    <Filter Include="00. MainApp">
      <UniqueIdentifier>{6e927b4d-c57d-4386-936e-eb96a8f15be4}</UniqueIdentifier>
    </Filter>
    <Filter Include="01.Scene">
      <UniqueIdentifier>{3e05ddc3-b2e8-4ede-b10a-34d7b3abed80}</UniqueIdentifier>
    </Filter>
    <Filter Include="01.Scene\00.Loding">
      <UniqueIdentifier>{632051fc-a52c-407f-a52e-705b5b67e3ae}</UniqueIdentifier>
    </Filter>
    <Filter Include="01.Scene\01.Logo">
      <UniqueIdentifier>{36a6d84b-6cce-4420-8588-42bc70bbe681}</UniqueIdentifier>
    </Filter>
    <Filter Include="02.GameObject">
      <UniqueIdentifier>{5fa285b2-e861-4bb9-8bb5-0572ba98eebc}</UniqueIdentifier>
    </Filter>
    <Filter Include="02.GameObject\00.BackGround">
      <UniqueIdentifier>{b4057ca6-b6cd-4041-af9d-af854a1b0b74}</UniqueIdentifier>
    </Filter>
    <Filter Include="02.GameObject\00.BackGround\00.Terrain">
      <UniqueIdentifier>{f30b00ce-61da-4cd0-a9cd-5d0640873819}</UniqueIdentifier>
    </Filter>
    <Filter Include="02.GameObject\01.Player">
      <UniqueIdentifier>{2655cc0d-fdfb-4aa5-ba27-a387ae559359}</UniqueIdentifier>
    </Filter>
    <Filter Include="02.GameObject\01.Player\00.Model">
      <UniqueIdentifier>{964d02d3-da7a-4503-8405-825681f454d4}</UniqueIdentifier>
    </Filter>
    <Filter Include="02.GameObject\01.Player\01.Animation">
      <UniqueIdentifier>{dca1522b-0470-4c32-b920-1555f2f0131a}</UniqueIdentifier>
    </Filter>
    <Filter Include="02.GameObject\01.Player\01.Animation\00.Attack">
      <UniqueIdentifier>{194580dc-2126-4529-a105-6536523ca6c1}</UniqueIdentifier>
    </Filter>
    <Filter Include="02.GameObject\02.Monster\00. MeleeMon\00. Animation">
      <UniqueIdentifier>{c70a1818-a8e2-4db4-9923-d40852681517}</UniqueIdentifier>
    </Filter>
    <Filter Include="02.GameObject\02.Monster\00. MeleeMon\00. Animation\00. Idle">
      <UniqueIdentifier>{49a2e0c1-b013-49fa-99d6-e937e5291ed3}</UniqueIdentifier>
    </Filter>
    <Filter Include="02.GameObject\02.Monster\01. ShootMon">
      <UniqueIdentifier>{17d21a74-f71d-450e-aff7-9ec53d108797}</UniqueIdentifier>
    </Filter>
    <Filter Include="02.GameObject\02.Monster\01. ShootMon\00. Animation">
      <UniqueIdentifier>{85fec44e-18ff-4b9f-b636-9be43a928118}</UniqueIdentifier>
    </Filter>
    <Filter Include="02.GameObject\02.Monster\02. FlyMon">
      <UniqueIdentifier>{686255df-e0f8-4b14-9f25-b8aa9e75e77b}</UniqueIdentifier>
    </Filter>
    <Filter Include="02.GameObject\02.Monster">
      <UniqueIdentifier>{c7484bf7-5d03-4029-bea9-778e89beb127}</UniqueIdentifier>
    </Filter>
    <Filter Include="02.GameObject\02.Monster\00. MeleeMon">
      <UniqueIdentifier>{79e5e83d-2ae5-4624-9d66-dd85bb7ca562}</UniqueIdentifier>
    </Filter>
    <Filter Include="02.GameObject\03.MainCamera">
      <UniqueIdentifier>{4af11669-284c-4768-be39-92a629893b3c}</UniqueIdentifier>
    </Filter>
    <Filter Include="01.Scene\02.Stage">
      <UniqueIdentifier>{b22ca2e7-9455-4be3-a709-e23536c0e765}</UniqueIdentifier>
    </Filter>
    <Filter Include="02.GameObject\02.Monster\00. MeleeMon\00. Animation\01. Walk_Forward">
      <UniqueIdentifier>{44ef679f-d50b-4ada-860e-a78d1a79e8b2}</UniqueIdentifier>
    </Filter>
    <Filter Include="02.GameObject\02.Monster\00. MeleeMon\00. Animation\02. Attack">
      <UniqueIdentifier>{069e6cb1-5e4d-4867-89ab-e0d351bf34b2}</UniqueIdentifier>
    </Filter>
    <Filter Include="02.GameObject\02.Monster\01. ShootMon\00. Animation\00. Idle">
      <UniqueIdentifier>{b357db4b-fd22-4b81-a755-2a2d28e4db29}</UniqueIdentifier>
    </Filter>
    <Filter Include="02.GameObject\02.Monster\01. ShootMon\00. Animation\01. Walk_Forward">
      <UniqueIdentifier>{44adef23-513e-42ab-9fe8-f0589076a934}</UniqueIdentifier>
    </Filter>
    <Filter Include="02.GameObject\02.Monster\01. ShootMon\00. Animation\02. Attack">
      <UniqueIdentifier>{69a62f98-15e3-4560-84ba-0835eab6f62f}</UniqueIdentifier>
    </Filter>
    <Filter Include="02.GameObject\02.Monster\02. FlyMon\00. Animation">
      <UniqueIdentifier>{8d46ed95-2ad6-4989-bf71-baa416131701}</UniqueIdentifier>
    </Filter>
    <Filter Include="02.GameObject\02.Monster\02. FlyMon\00. Animation\00. Idle">
      <UniqueIdentifier>{2b2b0a29-d24e-4250-84b6-a0a7109e448f}</UniqueIdentifier>
    </Filter>
    <Filter Include="02.GameObject\02.Monster\02. FlyMon\00. Animation\01. Attack">
      <UniqueIdentifier>{64cc00cf-ee32-4487-8357-0c3c6553ce6f}</UniqueIdentifier>
    </Filter>
    <Filter Include="02.GameObject\02.Monster\00. MeleeMon\00. Animation\03. Death">
      <UniqueIdentifier>{8edd0edc-23e2-4a4d-9588-a72fcc399fed}</UniqueIdentifier>
    </Filter>
    <Filter Include="02.GameObject\02.Monster\01. ShootMon\00. Animation\03. Death">
      <UniqueIdentifier>{7a684fa5-455c-452b-b94e-4762a865ee5a}</UniqueIdentifier>
    </Filter>
    <Filter Include="02.GameObject\02.Monster\02. FlyMon\00. Animation\03. Death">
      <UniqueIdentifier>{192aceea-674c-4949-9046-adecb9a42f1f}</UniqueIdentifier>
    </Filter>
    <Filter Include="02.GameObject\02.Monster\02. FlyMon\00. Animation\02. Walk_Forward">
      <UniqueIdentifier>{b1849bea-584c-4b77-afb1-78c312fbec06}</UniqueIdentifier>
    </Filter>
    <Filter Include="02.GameObject\04.bullet">
      <UniqueIdentifier>{bcd9d0cd-311e-4348-a595-13ff2d6dd07c}</UniqueIdentifier>
    </Filter>
    <Filter Include="02.GameObject\04.bullet\00.Shuriken">
      <UniqueIdentifier>{03d18626-d5f0-4b32-b9bd-d44f7f4af7cd}</UniqueIdentifier>
    </Filter>
    <Filter Include="02.GameObject\05. Boss">
      <UniqueIdentifier>{88b4546f-29ab-44e2-9e58-981e6eefd91b}</UniqueIdentifier>
    </Filter>
    <Filter Include="02.GameObject\05. Boss\00. Animation">
      <UniqueIdentifier>{1a0d2f14-ee07-4a9a-bf1e-c0f413e6a51d}</UniqueIdentifier>
    </Filter>
    <Filter Include="02.GameObject\04.bullet\99.Animation">
      <UniqueIdentifier>{8394a9ea-490e-41ce-b7d4-28aa37c988a5}</UniqueIdentifier>
    </Filter>
    <Filter Include="02.GameObject\01.Player">
      <UniqueIdentifier>{2655cc0d-fdfb-4aa5-ba27-a387ae559359}</UniqueIdentifier>
    </Filter>
    <Filter Include="02.GameObject\01.Player\00.Model">
      <UniqueIdentifier>{964d02d3-da7a-4503-8405-825681f454d4}</UniqueIdentifier>
    </Filter>
    <Filter Include="02.GameObject\01.Player\01.Animation">
      <UniqueIdentifier>{dca1522b-0470-4c32-b920-1555f2f0131a}</UniqueIdentifier>
    </Filter>
    <Filter Include="02.GameObject\01.Player\01.Animation\00.Attack">
      <UniqueIdentifier>{194580dc-2126-4529-a105-6536523ca6c1}</UniqueIdentifier>
    </Filter>
    <Filter Include="02.GameObject\01.Player\01.Animation\01.Idle">
      <UniqueIdentifier>{5de2de06-9e3e-4956-aed9-61d8e7752203}</UniqueIdentifier>
    </Filter>
    <Filter Include="02.GameObject\01.Player\01.Animation\02.Walk">
      <UniqueIdentifier>{5e411b3c-95c0-42de-86e3-1f23f71ccc5b}</UniqueIdentifier>
    </Filter>
    <Filter Include="02.GameObject\04.bullet\01.Bomb">
      <UniqueIdentifier>{3e6f16c5-feee-410c-a8b4-4ea36c5734bc}</UniqueIdentifier>
    </Filter>
    <Filter Include="02.GameObject\04.bullet\01.Bomb\00.Fog">
      <UniqueIdentifier>{cc3732dd-271d-4454-b339-725b78250b35}</UniqueIdentifier>
    </Filter>
    <Filter Include="02.GameObject\04.bullet\99.Animation">
      <UniqueIdentifier>{b5010f49-7967-484a-b6fd-fbc01d0db281}</UniqueIdentifier>
    </Filter>
    <Filter Include="02.GameObject\04.bullet\99.Animation\00.ShurikenAnim">
      <UniqueIdentifier>{09338338-9a6f-4eae-8e67-9402043f9e00}</UniqueIdentifier>
    </Filter>
    <Filter Include="02.GameObject\04.bullet\99.Animation\01.BombAnim">
      <UniqueIdentifier>{e6fd3afe-c72d-4e4c-bea4-9f8db0a89eaa}</UniqueIdentifier>
    </Filter>
    <Filter Include="02.GameObject\04.bullet\99.Animation\02.FogAnim">
      <UniqueIdentifier>{0f1cd9a4-186c-4aef-bad4-0b9529791f26}</UniqueIdentifier>
    </Filter>
    <Filter Include="02.GameObject\04.bullet\02. MonBullet">
      <UniqueIdentifier>{1e89a857-959d-4da0-9c9b-09c9ccbe5af9}</UniqueIdentifier>
    </Filter>
    <Filter Include="02.GameObject\04.bullet\99.Animation\03. MonBulletAnim">
      <UniqueIdentifier>{66baa5af-2876-456c-bec3-deb1a0fafb55}</UniqueIdentifier>
    </Filter>
    <Filter Include="99.Default\리소스 파일">
      <UniqueIdentifier>{67DA6AB6-F800-4c08-8B7A-83BB121AAD01}</UniqueIdentifier>
      <Extensions>rc;ico;cur;bmp;dlg;rc2;rct;bin;rgs;gif;jpg;jpeg;jpe;resx;tiff;tif;png;wav;mfcribbon-ms</Extensions>
    </Filter>
  </ItemGroup>
  <ItemGroup>
    <ClInclude Include="Client.h">
      <Filter>99.Default</Filter>
    </ClInclude>
    <ClInclude Include="framework.h">
      <Filter>99.Default</Filter>
    </ClInclude>
    <ClInclude Include="Resource.h">
      <Filter>99.Default</Filter>
    </ClInclude>
    <ClInclude Include="targetver.h">
      <Filter>99.Default</Filter>
    </ClInclude>
    <ClInclude Include="pch.h">
      <Filter>98.Headers</Filter>
    </ClInclude>
    <ClInclude Include="..\Code\MainApp.h">
      <Filter>00. MainApp</Filter>
    </ClInclude>
    <ClInclude Include="..\Headers\Value.h">
      <Filter>98.Headers</Filter>
    </ClInclude>
    <ClInclude Include="..\Code\Loading.h">
      <Filter>01.Scene\00.Loding</Filter>
    </ClInclude>
    <ClInclude Include="..\Headers\Enum.h">
      <Filter>98.Headers</Filter>
    </ClInclude>
    <ClInclude Include="..\Headers\Include.h">
      <Filter>98.Headers</Filter>
    </ClInclude>
    <ClInclude Include="..\Code\BackGround.h">
      <Filter>02.GameObject\00.BackGround</Filter>
    </ClInclude>
    <ClInclude Include="..\Code\Logo.h">
      <Filter>01.Scene\01.Logo</Filter>
    </ClInclude>
    <ClInclude Include="..\Code\Stage.h">
      <Filter>01.Scene\02.Stage</Filter>
    </ClInclude>
    <ClInclude Include="..\Code\MeleeMon.h">
      <Filter>02.GameObject\02.Monster\00. MeleeMon</Filter>
    </ClInclude>
    <ClInclude Include="..\Code\Player.h">
      <Filter>02.GameObject\01.Player</Filter>
    </ClInclude>
    <ClInclude Include="..\Code\Monster.h">
      <Filter>02.GameObject\02.Monster</Filter>
    </ClInclude>
    <ClInclude Include="..\Code\MainCamera.h">
      <Filter>02.GameObject\03.MainCamera</Filter>
    </ClInclude>
    <ClInclude Include="..\Code\PlayerModel.h">
      <Filter>02.GameObject\01.Player\00.Model</Filter>
    </ClInclude>
    <ClInclude Include="..\Code\Player_AttackAnim.h">
      <Filter>02.GameObject\01.Player\01.Animation\00.Attack</Filter>
    </ClInclude>
    <ClInclude Include="..\Code\Player_IdleAnim.h">
      <Filter>02.GameObject\01.Player\01.Animation\01.Idle</Filter>
    </ClInclude>
    <ClInclude Include="..\Code\MeleeMon_Idle.h">
      <Filter>02.GameObject\02.Monster\00. MeleeMon\00. Animation\00. Idle</Filter>
    </ClInclude>
    <ClInclude Include="..\Code\MeleeMon_WalkF.h">
      <Filter>02.GameObject\02.Monster\00. MeleeMon\00. Animation\01. Walk_Forward</Filter>
    </ClInclude>
    <ClInclude Include="..\Code\ShootMon.h">
      <Filter>02.GameObject\02.Monster\01. ShootMon</Filter>
    </ClInclude>
    <ClInclude Include="..\Code\FlyMon.h">
      <Filter>02.GameObject\02.Monster\02. FlyMon</Filter>
    </ClInclude>
    <ClInclude Include="..\Code\Player_Walk.h">
      <Filter>02.GameObject\01.Player\01.Animation\02.Walk</Filter>
    </ClInclude>
    <ClInclude Include="..\Code\Terrain.h">
      <Filter>02.GameObject\00.BackGround\00.Terrain</Filter>
    </ClInclude>
    <ClInclude Include="..\Code\MeleeMon_Attack.h">
      <Filter>02.GameObject\02.Monster\00. MeleeMon\00. Animation\02. Attack</Filter>
    </ClInclude>
    <ClInclude Include="..\Code\ShootMon_Idle.h">
      <Filter>02.GameObject\02.Monster\01. ShootMon\00. Animation\00. Idle</Filter>
    </ClInclude>
    <ClInclude Include="..\Code\ShootMon_WalkF.h">
      <Filter>02.GameObject\02.Monster\01. ShootMon\00. Animation\01. Walk_Forward</Filter>
    </ClInclude>
    <ClInclude Include="..\Code\ShootMon_Attack.h">
      <Filter>02.GameObject\02.Monster\01. ShootMon\00. Animation\02. Attack</Filter>
    </ClInclude>
    <ClInclude Include="..\Code\FlyMon_Idle.h">
      <Filter>02.GameObject\02.Monster\02. FlyMon\00. Animation\00. Idle</Filter>
    </ClInclude>
    <ClInclude Include="..\Code\FlyMon_WalkF.h">
      <Filter>02.GameObject\02.Monster\02. FlyMon\00. Animation\02. Walk_Forward</Filter>
    </ClInclude>
    <ClInclude Include="..\Code\FlyMon_Attack.h">
      <Filter>02.GameObject\02.Monster\02. FlyMon\00. Animation\01. Attack</Filter>
    </ClInclude>
    <ClInclude Include="..\Code\Boss.h">
      <Filter>02.GameObject\05. Boss</Filter>
    </ClInclude>
    <ClInclude Include="..\Code\MeleeMon_Death.h">
      <Filter>02.GameObject\02.Monster\00. MeleeMon\00. Animation\03. Death</Filter>
    </ClInclude>
    <ClInclude Include="..\Code\ShootMon_Death.h">
      <Filter>02.GameObject\02.Monster\01. ShootMon\00. Animation\03. Death</Filter>
    </ClInclude>
    <ClInclude Include="..\Code\FlyMon_Death.h">
      <Filter>02.GameObject\02.Monster\02. FlyMon\00. Animation\03. Death</Filter>
    </ClInclude>
    <ClInclude Include="..\Code\Bullet.h">
      <Filter>02.GameObject\04.bullet</Filter>
    </ClInclude>
    <ClInclude Include="..\Code\Bomb.h">
      <Filter>02.GameObject\04.bullet\01.Bomb</Filter>
    </ClInclude>
    <ClInclude Include="..\Code\Fog.h">
      <Filter>02.GameObject\04.bullet\01.Bomb\00.Fog</Filter>
    </ClInclude>
    <ClInclude Include="..\Code\FogAnim.h">
      <Filter>02.GameObject\04.bullet\99.Animation\02.FogAnim</Filter>
    </ClInclude>
    <ClInclude Include="..\Code\BombAnim.h">
      <Filter>02.GameObject\04.bullet\99.Animation\01.BombAnim</Filter>
    </ClInclude>
    <ClInclude Include="..\Code\ShurikenAnim.h">
      <Filter>02.GameObject\04.bullet\99.Animation\00.ShurikenAnim</Filter>
    </ClInclude>
    <ClInclude Include="..\Code\Shuriken.h">
      <Filter>02.GameObject\04.bullet\00.Shuriken</Filter>
    </ClInclude>
    <ClInclude Include="..\Code\MonBullet.h">
      <Filter>02.GameObject\04.bullet\02. MonBullet</Filter>
    </ClInclude>
    <ClInclude Include="..\Code\MonBulletAnim.h">
      <Filter>02.GameObject\04.bullet\99.Animation\03. MonBulletAnim</Filter>
    </ClInclude>
  </ItemGroup>
  <ItemGroup>
    <ClCompile Include="pch.cpp">
      <Filter>99.Default</Filter>
    </ClCompile>
    <ClCompile Include="Client.cpp" />
    <ClCompile Include="..\Code\MainApp.cpp">
      <Filter>00. MainApp</Filter>
    </ClCompile>
    <ClCompile Include="..\Code\Loading.cpp">
      <Filter>01.Scene\00.Loding</Filter>
    </ClCompile>
    <ClCompile Include="..\Code\BackGround.cpp">
      <Filter>02.GameObject\00.BackGround</Filter>
    </ClCompile>
    <ClCompile Include="..\Code\Logo.cpp">
      <Filter>01.Scene\01.Logo</Filter>
    </ClCompile>
    <ClCompile Include="..\Code\Stage.cpp">
      <Filter>01.Scene\02.Stage</Filter>
    </ClCompile>
    <ClCompile Include="..\Code\MeleeMon.cpp">
      <Filter>02.GameObject\02.Monster\00. MeleeMon</Filter>
    </ClCompile>
    <ClCompile Include="..\Code\MainCamera.cpp">
      <Filter>02.GameObject\03.MainCamera</Filter>
    </ClCompile>
    <ClCompile Include="..\Code\PlayerModel.cpp">
      <Filter>02.GameObject\01.Player\00.Model</Filter>
    </ClCompile>
    <ClCompile Include="..\Code\Player_AttackAnim.cpp">
      <Filter>02.GameObject\01.Player\01.Animation\00.Attack</Filter>
    </ClCompile>
    <ClCompile Include="..\Code\Player_IdleAnim.cpp">
      <Filter>02.GameObject\01.Player\01.Animation\01.Idle</Filter>
    </ClCompile>
    <ClCompile Include="..\Code\MeleeMon_Idle.cpp">
      <Filter>02.GameObject\02.Monster\00. MeleeMon\00. Animation\00. Idle</Filter>
    </ClCompile>
    <ClCompile Include="..\Code\MeleeMon_WalkF.cpp">
      <Filter>02.GameObject\02.Monster\00. MeleeMon\00. Animation\01. Walk_Forward</Filter>
    </ClCompile>
    <ClCompile Include="..\Code\ShootMon.cpp">
      <Filter>02.GameObject\02.Monster\01. ShootMon</Filter>
    </ClCompile>
    <ClCompile Include="..\Code\FlyMon.cpp">
      <Filter>02.GameObject\02.Monster\02. FlyMon</Filter>
    </ClCompile>
    <ClCompile Include="..\Code\Player_Walk.cpp">
      <Filter>02.GameObject\01.Player\01.Animation\02.Walk</Filter>
    </ClCompile>
    <ClCompile Include="..\Code\Terrain.cpp">
      <Filter>02.GameObject\00.BackGround\00.Terrain</Filter>
    </ClCompile>
    <ClCompile Include="..\Code\MeleeMon_Attack.cpp">
      <Filter>02.GameObject\02.Monster\00. MeleeMon\00. Animation\02. Attack</Filter>
    </ClCompile>
    <ClCompile Include="..\Code\ShootMon_Idle.cpp">
      <Filter>02.GameObject\02.Monster\01. ShootMon\00. Animation\00. Idle</Filter>
    </ClCompile>
    <ClCompile Include="..\Code\ShootMon_WalkF.cpp">
      <Filter>02.GameObject\02.Monster\01. ShootMon\00. Animation\01. Walk_Forward</Filter>
    </ClCompile>
    <ClCompile Include="..\Code\ShootMon_Attack.cpp">
      <Filter>02.GameObject\02.Monster\01. ShootMon\00. Animation\02. Attack</Filter>
    </ClCompile>
    <ClCompile Include="..\Code\FlyMon_Idle.cpp">
      <Filter>02.GameObject\02.Monster\02. FlyMon\00. Animation\00. Idle</Filter>
    </ClCompile>
    <ClCompile Include="..\Code\FlyMon_WalkF.cpp">
      <Filter>02.GameObject\02.Monster\02. FlyMon\00. Animation\02. Walk_Forward</Filter>
    </ClCompile>
    <ClCompile Include="..\Code\FlyMon_Attack.cpp">
      <Filter>02.GameObject\02.Monster\02. FlyMon\00. Animation\01. Attack</Filter>
    </ClCompile>
    <ClCompile Include="..\Code\Boss.cpp">
      <Filter>02.GameObject\05. Boss</Filter>
    </ClCompile>
    <ClCompile Include="..\Code\MeleeMon_Death.cpp">
      <Filter>02.GameObject\02.Monster\00. MeleeMon\00. Animation\03. Death</Filter>
    </ClCompile>
    <ClCompile Include="..\Code\ShootMon_Death.cpp">
      <Filter>02.GameObject\02.Monster\01. ShootMon\00. Animation\03. Death</Filter>
    </ClCompile>
    <ClCompile Include="..\Code\FlyMon_Death.cpp">
      <Filter>02.GameObject\02.Monster\02. FlyMon\00. Animation\03. Death</Filter>
    </ClCompile>
    <ClCompile Include="..\Code\Bullet.cpp">
      <Filter>02.GameObject\04.bullet</Filter>
    </ClCompile>
    <ClCompile Include="..\Code\Monster.cpp">
      <Filter>02.GameObject\02.Monster</Filter>
    </ClCompile>
    <ClCompile Include="..\Code\Player.cpp">
      <Filter>02.GameObject\01.Player</Filter>
    </ClCompile>
    <ClCompile Include="..\Code\Bomb.cpp">
      <Filter>02.GameObject\04.bullet\01.Bomb</Filter>
    </ClCompile>
    <ClCompile Include="..\Code\Fog.cpp">
      <Filter>02.GameObject\04.bullet\01.Bomb\00.Fog</Filter>
    </ClCompile>
    <ClCompile Include="..\Code\FogAnim.cpp">
      <Filter>02.GameObject\04.bullet\99.Animation\02.FogAnim</Filter>
    </ClCompile>
    <ClCompile Include="..\Code\BombAnim.cpp">
      <Filter>02.GameObject\04.bullet\99.Animation\01.BombAnim</Filter>
    </ClCompile>
    <ClCompile Include="..\Code\ShurikenAnim.cpp">
      <Filter>02.GameObject\04.bullet\99.Animation\00.ShurikenAnim</Filter>
    </ClCompile>
    <ClCompile Include="..\Code\Shuriken.cpp">
      <Filter>02.GameObject\04.bullet\00.Shuriken</Filter>
    </ClCompile>
    <ClCompile Include="..\Code\MonBullet.cpp">
      <Filter>02.GameObject\04.bullet\02. MonBullet</Filter>
    </ClCompile>
    <ClCompile Include="..\Code\MonBulletAnim.cpp">
      <Filter>02.GameObject\04.bullet\99.Animation\03. MonBulletAnim</Filter>
    </ClCompile>
  </ItemGroup>
  <ItemGroup>
    <ResourceCompile Include="Client.rc">
      <Filter>99.Default\리소스 파일</Filter>
    </ResourceCompile>
  </ItemGroup>
  <ItemGroup>
    <Image Include="small.ico">
      <Filter>99.Default\리소스 파일</Filter>
    </Image>
    <Image Include="Client.ico">
      <Filter>99.Default\리소스 파일</Filter>
    </Image>
  </ItemGroup>
</Project>